
Microsoft Visual Studio Solution File, Format Version 12.00
# Visual Studio Version 16
VisualStudioVersion = 16.0.29806.167
MinimumVisualStudioVersion = 10.0.40219.1
Project("{FAE04EC0-301F-11D3-BF4B-00C04F79EFBC}") = "FrontEnd", "FrontEnd.csproj", "{7C38D02E-CE7C-401E-86E4-B4A656093B29}"
EndProject
Global
	GlobalSection(SolutionConfigurationPlatforms) = preSolution
		Debug|Any CPU = Debug|Any CPU
		Release|Any CPU = Release|Any CPU
	EndGlobalSection
	GlobalSection(ProjectConfigurationPlatforms) = postSolution
		{7C38D02E-CE7C-401E-86E4-B4A656093B29}.Debug|Any CPU.ActiveCfg = Debug|Any CPU
		{7C38D02E-CE7C-401E-86E4-B4A656093B29}.Debug|Any CPU.Build.0 = Debug|Any CPU
		{7C38D02E-CE7C-401E-86E4-B4A656093B29}.Release|Any CPU.ActiveCfg = Release|Any CPU
		{7C38D02E-CE7C-401E-86E4-B4A656093B29}.Release|Any CPU.Build.0 = Release|Any CPU
	EndGlobalSection
	GlobalSection(SolutionProperties) = preSolution
		HideSolutionNode = FALSE
	EndGlobalSection
	GlobalSection(ExtensibilityGlobals) = postSolution
		SolutionGuid = {A792EF51-AC27-485A-A035-844C41F906FD}
	EndGlobalSection
EndGlobal
